
Microsoft Visual Studio Solution File, Format Version 12.00
# Visual Studio 2013
VisualStudioVersion = 12.0.30501.0
MinimumVisualStudioVersion = 10.0.40219.1
Project("{FAE04EC0-301F-11D3-BF4B-00C04F79EFBC}") = "InstaMovieBeta", "InstaMovieBeta\InstaMovieBeta.csproj", "{45EFCA05-33F4-48FD-8B02-9770FA040ED6}"
EndProject
Project("{FAE04EC0-301F-11D3-BF4B-00C04F79EFBC}") = "InstaMovieBeta.Tests", "InstaMovieBeta.Tests\InstaMovieBeta.Tests.csproj", "{EF0A918E-9101-4894-8F81-E8A6FDCA1459}"
EndProject
Project("{2150E333-8FDC-42A3-9474-1A3956D46DE8}") = "PublishScripts", "PublishScripts", "{306BA81F-B4E7-4D85-A190-591A5430D4AD}"
	ProjectSection(SolutionItems) = preProject
		PublishScripts\AzureWebsitePublishModule.psm1 = PublishScripts\AzureWebsitePublishModule.psm1
		PublishScripts\Publish-WebApplicationWebsite.ps1 = PublishScripts\Publish-WebApplicationWebsite.ps1
	EndProjectSection
EndProject
Project("{2150E333-8FDC-42A3-9474-1A3956D46DE8}") = "Configurations", "Configurations", "{AEAF60A7-6128-4BD9-A629-AE4C7A6C80EB}"
	ProjectSection(SolutionItems) = preProject
		PublishScripts\Configurations\InstaMovieBeta-WAWS-dev.json = PublishScripts\Configurations\InstaMovieBeta-WAWS-dev.json
	EndProjectSection
EndProject
Global
	GlobalSection(SolutionConfigurationPlatforms) = preSolution
		Debug|Any CPU = Debug|Any CPU
		Release|Any CPU = Release|Any CPU
	EndGlobalSection
	GlobalSection(ProjectConfigurationPlatforms) = postSolution
		{45EFCA05-33F4-48FD-8B02-9770FA040ED6}.Debug|Any CPU.ActiveCfg = Debug|Any CPU
		{45EFCA05-33F4-48FD-8B02-9770FA040ED6}.Debug|Any CPU.Build.0 = Debug|Any CPU
		{45EFCA05-33F4-48FD-8B02-9770FA040ED6}.Release|Any CPU.ActiveCfg = Release|Any CPU
		{45EFCA05-33F4-48FD-8B02-9770FA040ED6}.Release|Any CPU.Build.0 = Release|Any CPU
		{EF0A918E-9101-4894-8F81-E8A6FDCA1459}.Debug|Any CPU.ActiveCfg = Debug|Any CPU
		{EF0A918E-9101-4894-8F81-E8A6FDCA1459}.Debug|Any CPU.Build.0 = Debug|Any CPU
		{EF0A918E-9101-4894-8F81-E8A6FDCA1459}.Release|Any CPU.ActiveCfg = Release|Any CPU
		{EF0A918E-9101-4894-8F81-E8A6FDCA1459}.Release|Any CPU.Build.0 = Release|Any CPU
	EndGlobalSection
	GlobalSection(SolutionProperties) = preSolution
		HideSolutionNode = FALSE
	EndGlobalSection
	GlobalSection(NestedProjects) = preSolution
		{AEAF60A7-6128-4BD9-A629-AE4C7A6C80EB} = {306BA81F-B4E7-4D85-A190-591A5430D4AD}
	EndGlobalSection
EndGlobal
